
Microsoft Visual Studio Solution File, Format Version 12.00
# Visual Studio Version 17
VisualStudioVersion = 17.0.32014.148
MinimumVisualStudioVersion = 10.0.40219.1
Project("{FAE04EC0-301F-11D3-BF4B-00C04F79EFBC}") = "prática1", "prática1\prática1.csproj", "{CE855863-952A-42BA-9B4A-2EC7433441E4}"
EndProject
Global
	GlobalSection(SolutionConfigurationPlatforms) = preSolution
		Debug|Any CPU = Debug|Any CPU
		Release|Any CPU = Release|Any CPU
	EndGlobalSection
	GlobalSection(ProjectConfigurationPlatforms) = postSolution
		{CE855863-952A-42BA-9B4A-2EC7433441E4}.Debug|Any CPU.ActiveCfg = Debug|Any CPU
		{CE855863-952A-42BA-9B4A-2EC7433441E4}.Debug|Any CPU.Build.0 = Debug|Any CPU
		{CE855863-952A-42BA-9B4A-2EC7433441E4}.Release|Any CPU.ActiveCfg = Release|Any CPU
		{CE855863-952A-42BA-9B4A-2EC7433441E4}.Release|Any CPU.Build.0 = Release|Any CPU
	EndGlobalSection
	GlobalSection(SolutionProperties) = preSolution
		HideSolutionNode = FALSE
	EndGlobalSection
	GlobalSection(ExtensibilityGlobals) = postSolution
		SolutionGuid = {DA1AB4B6-9619-44CE-AA0C-9DCFE35929F8}
	EndGlobalSection
EndGlobal
